
Microsoft Visual Studio Solution File, Format Version 12.00
# Visual Studio 15
Project("{FAE04EC0-301F-11D3-BF4B-00C04F79EFBC}") = "Assembly-CSharp", "Assembly-CSharp.csproj", "{C2BAA861-20FC-4807-5725-5ABBBF802435}"
EndProject
Project("{FAE04EC0-301F-11D3-BF4B-00C04F79EFBC}") = "Assembly-CSharp-Editor", "Assembly-CSharp-Editor.csproj", "{8AA511C0-C3AE-7DCB-DBC7-462F0ED42CD3}"
EndProject
Global
	GlobalSection(SolutionConfigurationPlatforms) = preSolution
		Debug|Any CPU = Debug|Any CPU
		Release|Any CPU = Release|Any CPU
	EndGlobalSection
	GlobalSection(ProjectConfigurationPlatforms) = postSolution
		{C2BAA861-20FC-4807-5725-5ABBBF802435}.Debug|Any CPU.ActiveCfg = Debug|Any CPU
		{C2BAA861-20FC-4807-5725-5ABBBF802435}.Debug|Any CPU.Build.0 = Debug|Any CPU
		{C2BAA861-20FC-4807-5725-5ABBBF802435}.Release|Any CPU.ActiveCfg = Release|Any CPU
		{C2BAA861-20FC-4807-5725-5ABBBF802435}.Release|Any CPU.Build.0 = Release|Any CPU
		{8AA511C0-C3AE-7DCB-DBC7-462F0ED42CD3}.Debug|Any CPU.ActiveCfg = Debug|Any CPU
		{8AA511C0-C3AE-7DCB-DBC7-462F0ED42CD3}.Debug|Any CPU.Build.0 = Debug|Any CPU
		{8AA511C0-C3AE-7DCB-DBC7-462F0ED42CD3}.Release|Any CPU.ActiveCfg = Release|Any CPU
		{8AA511C0-C3AE-7DCB-DBC7-462F0ED42CD3}.Release|Any CPU.Build.0 = Release|Any CPU
	EndGlobalSection
	GlobalSection(SolutionProperties) = preSolution
		HideSolutionNode = FALSE
	EndGlobalSection
EndGlobal
